
Microsoft Visual Studio Solution File, Format Version 12.00
# Visual Studio Version 16
VisualStudioVersion = 16.0.28822.285
MinimumVisualStudioVersion = 10.0.40219.1
Project("{FAE04EC0-301F-11D3-BF4B-00C04F79EFBC}") = "MongoCrud", "MongoCrud.csproj", "{DB91EEAF-86F2-411B-AB08-75B7C4E381F0}"
EndProject
Global
	GlobalSection(SolutionConfigurationPlatforms) = preSolution
		Debug|Any CPU = Debug|Any CPU
		Release|Any CPU = Release|Any CPU
	EndGlobalSection
	GlobalSection(ProjectConfigurationPlatforms) = postSolution
		{DB91EEAF-86F2-411B-AB08-75B7C4E381F0}.Debug|Any CPU.ActiveCfg = Debug|Any CPU
		{DB91EEAF-86F2-411B-AB08-75B7C4E381F0}.Debug|Any CPU.Build.0 = Debug|Any CPU
		{DB91EEAF-86F2-411B-AB08-75B7C4E381F0}.Release|Any CPU.ActiveCfg = Release|Any CPU
		{DB91EEAF-86F2-411B-AB08-75B7C4E381F0}.Release|Any CPU.Build.0 = Release|Any CPU
	EndGlobalSection
	GlobalSection(SolutionProperties) = preSolution
		HideSolutionNode = FALSE
	EndGlobalSection
	GlobalSection(ExtensibilityGlobals) = postSolution
		SolutionGuid = {917538DD-9794-4FC4-8167-208308CC2BEA}
	EndGlobalSection
EndGlobal
